
Microsoft Visual Studio Solution File, Format Version 12.00
# Visual Studio Version 17
VisualStudioVersion = 17.10.34916.146
MinimumVisualStudioVersion = 10.0.40219.1
Project("{9A19103F-16F7-4668-BE54-9A1E7A4F7556}") = "MetoFirstExample_v4_WepAPI", "MetoFirstExample_v4\MetoFirstExample_v4_WepAPI.csproj", "{8EDCF37B-CB81-46C8-8DB7-6C5CA014B846}"
EndProject
Project("{9A19103F-16F7-4668-BE54-9A1E7A4F7556}") = "MetoProject_Forms", "MetoProject_Forms\MetoProject_Forms.csproj", "{3164014D-6FE6-4B80-91D6-B3B2A035DA9A}"
EndProject
Project("{9A19103F-16F7-4668-BE54-9A1E7A4F7556}") = "PLC_V2", "PLC_V2\PLC_V2.csproj", "{169567C2-3FF9-40FC-AF66-98C4782CA700}"
EndProject
Project("{2150E333-8FDC-42A3-9474-1A3956D46DE8}") = "MetoServices", "MetoServices", "{8396471E-6F45-4464-886F-DC0DB99F3E15}"
EndProject
Project("{2150E333-8FDC-42A3-9474-1A3956D46DE8}") = "PLCService", "PLCService", "{94848537-9D88-45C5-AEB0-E0BD6FD37921}"
EndProject
Project("{2150E333-8FDC-42A3-9474-1A3956D46DE8}") = "UIService", "UIService", "{A9E72CB6-A8E3-4D90-A07F-E69D6A5FBC1E}"
EndProject
Project("{2150E333-8FDC-42A3-9474-1A3956D46DE8}") = "UI.ImageService", "UI.ImageService", "{EC5E9A00-7923-4ECF-BF72-DDB52F7B2DC3}"
EndProject
Project("{2150E333-8FDC-42A3-9474-1A3956D46DE8}") = "AIService", "AIService", "{55D615A1-1F6B-4CDB-8221-7E62D53DCA88}"
EndProject
Global
	GlobalSection(SolutionConfigurationPlatforms) = preSolution
		Debug|Any CPU = Debug|Any CPU
		Release|Any CPU = Release|Any CPU
	EndGlobalSection
	GlobalSection(ProjectConfigurationPlatforms) = postSolution
		{8EDCF37B-CB81-46C8-8DB7-6C5CA014B846}.Debug|Any CPU.ActiveCfg = Debug|Any CPU
		{8EDCF37B-CB81-46C8-8DB7-6C5CA014B846}.Debug|Any CPU.Build.0 = Debug|Any CPU
		{8EDCF37B-CB81-46C8-8DB7-6C5CA014B846}.Release|Any CPU.ActiveCfg = Release|Any CPU
		{8EDCF37B-CB81-46C8-8DB7-6C5CA014B846}.Release|Any CPU.Build.0 = Release|Any CPU
		{3164014D-6FE6-4B80-91D6-B3B2A035DA9A}.Debug|Any CPU.ActiveCfg = Debug|Any CPU
		{3164014D-6FE6-4B80-91D6-B3B2A035DA9A}.Debug|Any CPU.Build.0 = Debug|Any CPU
		{3164014D-6FE6-4B80-91D6-B3B2A035DA9A}.Release|Any CPU.ActiveCfg = Release|Any CPU
		{3164014D-6FE6-4B80-91D6-B3B2A035DA9A}.Release|Any CPU.Build.0 = Release|Any CPU
		{169567C2-3FF9-40FC-AF66-98C4782CA700}.Debug|Any CPU.ActiveCfg = Debug|Any CPU
		{169567C2-3FF9-40FC-AF66-98C4782CA700}.Debug|Any CPU.Build.0 = Debug|Any CPU
		{169567C2-3FF9-40FC-AF66-98C4782CA700}.Release|Any CPU.ActiveCfg = Release|Any CPU
		{169567C2-3FF9-40FC-AF66-98C4782CA700}.Release|Any CPU.Build.0 = Release|Any CPU
	EndGlobalSection
	GlobalSection(SolutionProperties) = preSolution
		HideSolutionNode = FALSE
	EndGlobalSection
	GlobalSection(NestedProjects) = preSolution
		{169567C2-3FF9-40FC-AF66-98C4782CA700} = {94848537-9D88-45C5-AEB0-E0BD6FD37921}
		{94848537-9D88-45C5-AEB0-E0BD6FD37921} = {8396471E-6F45-4464-886F-DC0DB99F3E15}
		{A9E72CB6-A8E3-4D90-A07F-E69D6A5FBC1E} = {8396471E-6F45-4464-886F-DC0DB99F3E15}
		{EC5E9A00-7923-4ECF-BF72-DDB52F7B2DC3} = {8396471E-6F45-4464-886F-DC0DB99F3E15}
		{55D615A1-1F6B-4CDB-8221-7E62D53DCA88} = {8396471E-6F45-4464-886F-DC0DB99F3E15}
	EndGlobalSection
	GlobalSection(ExtensibilityGlobals) = postSolution
		SolutionGuid = {BB856552-9ED0-459F-B12B-3BA31BF73071}
	EndGlobalSection
EndGlobal
